// !$*UTF8*$!
{
	archiveVersion = 1;
	classes = {
	};
	objectVersion = 56;
	objects = {

/* Begin PBXBuildFile section */
		4903BA5A2AF3E2CB0063C2DB /* MenuRow.swift in Sources */ = {isa = PBXBuildFile; fileRef = 4903BA592AF3E2CB0063C2DB /* MenuRow.swift */; };
		4957E3E92AF06A68002FF15B /* experimental_appApp.swift in Sources */ = {isa = PBXBuildFile; fileRef = 4957E3E82AF06A68002FF15B /* experimental_appApp.swift */; };
		4957E3ED2AF06A69002FF15B /* Assets.xcassets in Resources */ = {isa = PBXBuildFile; fileRef = 4957E3EC2AF06A69002FF15B /* Assets.xcassets */; };
		4957E3F12AF06A69002FF15B /* Preview Assets.xcassets in Resources */ = {isa = PBXBuildFile; fileRef = 4957E3F02AF06A69002FF15B /* Preview Assets.xcassets */; };
		4957E3FB2AF06A69002FF15B /* experimental_appTests.swift in Sources */ = {isa = PBXBuildFile; fileRef = 4957E3FA2AF06A69002FF15B /* experimental_appTests.swift */; };
		4957E4052AF06A69002FF15B /* experimental_appUITests.swift in Sources */ = {isa = PBXBuildFile; fileRef = 4957E4042AF06A69002FF15B /* experimental_appUITests.swift */; };
		4957E4072AF06A69002FF15B /* experimental_appUITestsLaunchTests.swift in Sources */ = {isa = PBXBuildFile; fileRef = 4957E4062AF06A69002FF15B /* experimental_appUITestsLaunchTests.swift */; };
		4957E4152AF06E34002FF15B /* RiveRuntime in Frameworks */ = {isa = PBXBuildFile; productRef = 4957E4142AF06E34002FF15B /* RiveRuntime */; };
		4957E4222AF06F74002FF15B /* house.riv in Resources */ = {isa = PBXBuildFile; fileRef = 4957E41B2AF06F74002FF15B /* house.riv */; };
		4957E4232AF06F74002FF15B /* confetti.riv in Resources */ = {isa = PBXBuildFile; fileRef = 4957E41C2AF06F74002FF15B /* confetti.riv */; };
		4957E4242AF06F74002FF15B /* check.riv in Resources */ = {isa = PBXBuildFile; fileRef = 4957E41D2AF06F74002FF15B /* check.riv */; };
		4957E4252AF06F74002FF15B /* menu_button.riv in Resources */ = {isa = PBXBuildFile; fileRef = 4957E41E2AF06F74002FF15B /* menu_button.riv */; };
		4957E4262AF06F74002FF15B /* shapes.riv in Resources */ = {isa = PBXBuildFile; fileRef = 4957E41F2AF06F74002FF15B /* shapes.riv */; };
		4957E4272AF06F74002FF15B /* button.riv in Resources */ = {isa = PBXBuildFile; fileRef = 4957E4202AF06F74002FF15B /* button.riv */; };
		4957E4282AF06F74002FF15B /* icons.riv in Resources */ = {isa = PBXBuildFile; fileRef = 4957E4212AF06F74002FF15B /* icons.riv */; };
		49653AE62AF178D300DCF613 /* CustomTextField.swift in Sources */ = {isa = PBXBuildFile; fileRef = 49653AE52AF178D300DCF613 /* CustomTextField.swift */; };
		497A031D2AF2E0E400D2D418 /* TabBar.swift in Sources */ = {isa = PBXBuildFile; fileRef = 497A031C2AF2E0E400D2D418 /* TabBar.swift */; };
		497A031F2AF2F82D00D2D418 /* ContentView.swift in Sources */ = {isa = PBXBuildFile; fileRef = 497A031E2AF2F82D00D2D418 /* ContentView.swift */; };
		497A03232AF30C2800D2D418 /* CourseSection.swift in Sources */ = {isa = PBXBuildFile; fileRef = 497A03212AF30C2800D2D418 /* CourseSection.swift */; };
		497A03242AF30C2800D2D418 /* Course.swift in Sources */ = {isa = PBXBuildFile; fileRef = 497A03222AF30C2800D2D418 /* Course.swift */; };
		497A03262AF30CF000D2D418 /* CourseCard.swift in Sources */ = {isa = PBXBuildFile; fileRef = 497A03252AF30CF000D2D418 /* CourseCard.swift */; };
		497A03282AF32B4700D2D418 /* RecentCard.swift in Sources */ = {isa = PBXBuildFile; fileRef = 497A03272AF32B4700D2D418 /* RecentCard.swift */; };
		497A032A2AF32E5500D2D418 /* HomeScreen.swift in Sources */ = {isa = PBXBuildFile; fileRef = 497A03292AF32E5500D2D418 /* HomeScreen.swift */; };
		497A032C2AF334F000D2D418 /* SideMenu.swift in Sources */ = {isa = PBXBuildFile; fileRef = 497A032B2AF334F000D2D418 /* SideMenu.swift */; };
		49B731622AF076FC0003B9EF /* OnBoardingScreen.swift in Sources */ = {isa = PBXBuildFile; fileRef = 49B731612AF076FC0003B9EF /* OnBoardingScreen.swift */; };
		49B731642AF08F0B0003B9EF /* SignInModal.swift in Sources */ = {isa = PBXBuildFile; fileRef = 49B731632AF08F0A0003B9EF /* SignInModal.swift */; };
/* End PBXBuildFile section */

/* Begin PBXContainerItemProxy section */
		4957E3F72AF06A69002FF15B /* PBXContainerItemProxy */ = {
			isa = PBXContainerItemProxy;
			containerPortal = 4957E3DD2AF06A68002FF15B /* Project object */;
			proxyType = 1;
			remoteGlobalIDString = 4957E3E42AF06A68002FF15B;
			remoteInfo = "experimental app";
		};
		4957E4012AF06A69002FF15B /* PBXContainerItemProxy */ = {
			isa = PBXContainerItemProxy;
			containerPortal = 4957E3DD2AF06A68002FF15B /* Project object */;
			proxyType = 1;
			remoteGlobalIDString = 4957E3E42AF06A68002FF15B;
			remoteInfo = "experimental app";
		};
/* End PBXContainerItemProxy section */

/* Begin PBXFileReference section */
		4903BA592AF3E2CB0063C2DB /* MenuRow.swift */ = {isa = PBXFileReference; lastKnownFileType = sourcecode.swift; path = MenuRow.swift; sourceTree = "<group>"; };
		4957E3E52AF06A68002FF15B /* experimental app.app */ = {isa = PBXFileReference; explicitFileType = wrapper.application; includeInIndex = 0; path = "experimental app.app"; sourceTree = BUILT_PRODUCTS_DIR; };
		4957E3E82AF06A68002FF15B /* experimental_appApp.swift */ = {isa = PBXFileReference; lastKnownFileType = sourcecode.swift; path = experimental_appApp.swift; sourceTree = "<group>"; };
		4957E3EC2AF06A69002FF15B /* Assets.xcassets */ = {isa = PBXFileReference; lastKnownFileType = folder.assetcatalog; path = Assets.xcassets; sourceTree = "<group>"; };
		4957E3EE2AF06A69002FF15B /* experimental_app.entitlements */ = {isa = PBXFileReference; lastKnownFileType = text.plist.entitlements; path = experimental_app.entitlements; sourceTree = "<group>"; };
		4957E3F02AF06A69002FF15B /* Preview Assets.xcassets */ = {isa = PBXFileReference; lastKnownFileType = folder.assetcatalog; path = "Preview Assets.xcassets"; sourceTree = "<group>"; };
		4957E3F62AF06A69002FF15B /* experimental appTests.xctest */ = {isa = PBXFileReference; explicitFileType = wrapper.cfbundle; includeInIndex = 0; path = "experimental appTests.xctest"; sourceTree = BUILT_PRODUCTS_DIR; };
		4957E3FA2AF06A69002FF15B /* experimental_appTests.swift */ = {isa = PBXFileReference; lastKnownFileType = sourcecode.swift; path = experimental_appTests.swift; sourceTree = "<group>"; };
		4957E4002AF06A69002FF15B /* experimental appUITests.xctest */ = {isa = PBXFileReference; explicitFileType = wrapper.cfbundle; includeInIndex = 0; path = "experimental appUITests.xctest"; sourceTree = BUILT_PRODUCTS_DIR; };
		4957E4042AF06A69002FF15B /* experimental_appUITests.swift */ = {isa = PBXFileReference; lastKnownFileType = sourcecode.swift; path = experimental_appUITests.swift; sourceTree = "<group>"; };
		4957E4062AF06A69002FF15B /* experimental_appUITestsLaunchTests.swift */ = {isa = PBXFileReference; lastKnownFileType = sourcecode.swift; path = experimental_appUITestsLaunchTests.swift; sourceTree = "<group>"; };
		4957E41B2AF06F74002FF15B /* house.riv */ = {isa = PBXFileReference; lastKnownFileType = file; path = house.riv; sourceTree = "<group>"; };
		4957E41C2AF06F74002FF15B /* confetti.riv */ = {isa = PBXFileReference; lastKnownFileType = file; path = confetti.riv; sourceTree = "<group>"; };
		4957E41D2AF06F74002FF15B /* check.riv */ = {isa = PBXFileReference; lastKnownFileType = file; path = check.riv; sourceTree = "<group>"; };
		4957E41E2AF06F74002FF15B /* menu_button.riv */ = {isa = PBXFileReference; lastKnownFileType = file; path = menu_button.riv; sourceTree = "<group>"; };
		4957E41F2AF06F74002FF15B /* shapes.riv */ = {isa = PBXFileReference; lastKnownFileType = file; path = shapes.riv; sourceTree = "<group>"; };
		4957E4202AF06F74002FF15B /* button.riv */ = {isa = PBXFileReference; lastKnownFileType = file; path = button.riv; sourceTree = "<group>"; };
		4957E4212AF06F74002FF15B /* icons.riv */ = {isa = PBXFileReference; lastKnownFileType = file; path = icons.riv; sourceTree = "<group>"; };
		49653AE52AF178D300DCF613 /* CustomTextField.swift */ = {isa = PBXFileReference; lastKnownFileType = sourcecode.swift; path = CustomTextField.swift; sourceTree = "<group>"; };
		497A031C2AF2E0E400D2D418 /* TabBar.swift */ = {isa = PBXFileReference; lastKnownFileType = sourcecode.swift; path = TabBar.swift; sourceTree = "<group>"; };
		497A031E2AF2F82D00D2D418 /* ContentView.swift */ = {isa = PBXFileReference; lastKnownFileType = sourcecode.swift; path = ContentView.swift; sourceTree = "<group>"; };
		497A03212AF30C2800D2D418 /* CourseSection.swift */ = {isa = PBXFileReference; fileEncoding = 4; lastKnownFileType = sourcecode.swift; path = CourseSection.swift; sourceTree = "<group>"; };
		497A03222AF30C2800D2D418 /* Course.swift */ = {isa = PBXFileReference; fileEncoding = 4; lastKnownFileType = sourcecode.swift; path = Course.swift; sourceTree = "<group>"; };
		497A03252AF30CF000D2D418 /* CourseCard.swift */ = {isa = PBXFileReference; lastKnownFileType = sourcecode.swift; path = CourseCard.swift; sourceTree = "<group>"; };
		497A03272AF32B4700D2D418 /* RecentCard.swift */ = {isa = PBXFileReference; lastKnownFileType = sourcecode.swift; path = RecentCard.swift; sourceTree = "<group>"; };
		497A03292AF32E5500D2D418 /* HomeScreen.swift */ = {isa = PBXFileReference; lastKnownFileType = sourcecode.swift; path = HomeScreen.swift; sourceTree = "<group>"; };
		497A032B2AF334F000D2D418 /* SideMenu.swift */ = {isa = PBXFileReference; lastKnownFileType = sourcecode.swift; path = SideMenu.swift; sourceTree = "<group>"; };
		49B731612AF076FC0003B9EF /* OnBoardingScreen.swift */ = {isa = PBXFileReference; lastKnownFileType = sourcecode.swift; path = OnBoardingScreen.swift; sourceTree = "<group>"; };
		49B731632AF08F0A0003B9EF /* SignInModal.swift */ = {isa = PBXFileReference; lastKnownFileType = sourcecode.swift; path = SignInModal.swift; sourceTree = "<group>"; };
/* End PBXFileReference section */

/* Begin PBXFrameworksBuildPhase section */
		4957E3E22AF06A68002FF15B /* Frameworks */ = {
			isa = PBXFrameworksBuildPhase;
			buildActionMask = 2147483647;
			files = (
				4957E4152AF06E34002FF15B /* RiveRuntime in Frameworks */,
			);
			runOnlyForDeploymentPostprocessing = 0;
		};
		4957E3F32AF06A69002FF15B /* Frameworks */ = {
			isa = PBXFrameworksBuildPhase;
			buildActionMask = 2147483647;
			files = (
			);
			runOnlyForDeploymentPostprocessing = 0;
		};
		4957E3FD2AF06A69002FF15B /* Frameworks */ = {
			isa = PBXFrameworksBuildPhase;
			buildActionMask = 2147483647;
			files = (
			);
			runOnlyForDeploymentPostprocessing = 0;
		};
/* End PBXFrameworksBuildPhase section */

/* Begin PBXGroup section */
		4957E3DC2AF06A68002FF15B = {
			isa = PBXGroup;
			children = (
				4957E3E72AF06A68002FF15B /* experimental app */,
				4957E3F92AF06A69002FF15B /* experimental appTests */,
				4957E4032AF06A69002FF15B /* experimental appUITests */,
				4957E3E62AF06A68002FF15B /* Products */,
			);
			sourceTree = "<group>";
		};
		4957E3E62AF06A68002FF15B /* Products */ = {
			isa = PBXGroup;
			children = (
				4957E3E52AF06A68002FF15B /* experimental app.app */,
				4957E3F62AF06A69002FF15B /* experimental appTests.xctest */,
				4957E4002AF06A69002FF15B /* experimental appUITests.xctest */,
			);
			name = Products;
			sourceTree = "<group>";
		};
		4957E3E72AF06A68002FF15B /* experimental app */ = {
			isa = PBXGroup;
			children = (
				4957E3E82AF06A68002FF15B /* experimental_appApp.swift */,
				497A03202AF30C2800D2D418 /* Model */,
				49653AE72AF1C57F00DCF613 /* Extensions */,
				4957E41A2AF06F74002FF15B /* RiveAssets */,
				4957E4162AF06E82002FF15B /* Views */,
				4957E3EC2AF06A69002FF15B /* Assets.xcassets */,
				4957E3EE2AF06A69002FF15B /* experimental_app.entitlements */,
				4957E3EF2AF06A69002FF15B /* Preview Content */,
			);
			path = "experimental app";
			sourceTree = "<group>";
		};
		4957E3EF2AF06A69002FF15B /* Preview Content */ = {
			isa = PBXGroup;
			children = (
				4957E3F02AF06A69002FF15B /* Preview Assets.xcassets */,
			);
			path = "Preview Content";
			sourceTree = "<group>";
		};
		4957E3F92AF06A69002FF15B /* experimental appTests */ = {
			isa = PBXGroup;
			children = (
				4957E3FA2AF06A69002FF15B /* experimental_appTests.swift */,
			);
			path = "experimental appTests";
			sourceTree = "<group>";
		};
		4957E4032AF06A69002FF15B /* experimental appUITests */ = {
			isa = PBXGroup;
			children = (
				4957E4042AF06A69002FF15B /* experimental_appUITests.swift */,
				4957E4062AF06A69002FF15B /* experimental_appUITestsLaunchTests.swift */,
			);
			path = "experimental appUITests";
			sourceTree = "<group>";
		};
		4957E4162AF06E82002FF15B /* Views */ = {
			isa = PBXGroup;
			children = (
				49653AE42AF176BE00DCF613 /* Components */,
				4957E4292AF075DA002FF15B /* Screens */,
			);
			path = Views;
			sourceTree = "<group>";
		};
		4957E41A2AF06F74002FF15B /* RiveAssets */ = {
			isa = PBXGroup;
			children = (
				4957E41B2AF06F74002FF15B /* house.riv */,
				4957E41C2AF06F74002FF15B /* confetti.riv */,
				4957E41D2AF06F74002FF15B /* check.riv */,
				4957E41E2AF06F74002FF15B /* menu_button.riv */,
				4957E41F2AF06F74002FF15B /* shapes.riv */,
				4957E4202AF06F74002FF15B /* button.riv */,
				4957E4212AF06F74002FF15B /* icons.riv */,
			);
			name = RiveAssets;
			path = "../../../Downloads/SwiftUI Animations/RiveAssets";
			sourceTree = "<group>";
		};
		4957E4292AF075DA002FF15B /* Screens */ = {
			isa = PBXGroup;
			children = (
				49B731612AF076FC0003B9EF /* OnBoardingScreen.swift */,
				497A031E2AF2F82D00D2D418 /* ContentView.swift */,
				497A03292AF32E5500D2D418 /* HomeScreen.swift */,
			);
			path = Screens;
			sourceTree = "<group>";
		};
		49653AE42AF176BE00DCF613 /* Components */ = {
			isa = PBXGroup;
			children = (
				49B731632AF08F0A0003B9EF /* SignInModal.swift */,
				49653AE52AF178D300DCF613 /* CustomTextField.swift */,
				497A031C2AF2E0E400D2D418 /* TabBar.swift */,
				497A03252AF30CF000D2D418 /* CourseCard.swift */,
				497A03272AF32B4700D2D418 /* RecentCard.swift */,
				497A032B2AF334F000D2D418 /* SideMenu.swift */,
				4903BA592AF3E2CB0063C2DB /* MenuRow.swift */,
			);
			path = Components;
			sourceTree = "<group>";
		};
		49653AE72AF1C57F00DCF613 /* Extensions */ = {
			isa = PBXGroup;
			children = (
			);
			path = Extensions;
			sourceTree = "<group>";
		};
		497A03202AF30C2800D2D418 /* Model */ = {
			isa = PBXGroup;
			children = (
				497A03212AF30C2800D2D418 /* CourseSection.swift */,
				497A03222AF30C2800D2D418 /* Course.swift */,
			);
			path = Model;
			sourceTree = "<group>";
		};
/* End PBXGroup section */

/* Begin PBXNativeTarget section */
		4957E3E42AF06A68002FF15B /* experimental app */ = {
			isa = PBXNativeTarget;
			buildConfigurationList = 4957E40A2AF06A69002FF15B /* Build configuration list for PBXNativeTarget "experimental app" */;
			buildPhases = (
				4957E3E12AF06A68002FF15B /* Sources */,
				4957E3E22AF06A68002FF15B /* Frameworks */,
				4957E3E32AF06A68002FF15B /* Resources */,
			);
			buildRules = (
			);
			dependencies = (
			);
			name = "experimental app";
			packageProductDependencies = (
				4957E4142AF06E34002FF15B /* RiveRuntime */,
			);
			productName = "experimental app";
			productReference = 4957E3E52AF06A68002FF15B /* experimental app.app */;
			productType = "com.apple.product-type.application";
		};
		4957E3F52AF06A69002FF15B /* experimental appTests */ = {
			isa = PBXNativeTarget;
			buildConfigurationList = 4957E40D2AF06A69002FF15B /* Build configuration list for PBXNativeTarget "experimental appTests" */;
			buildPhases = (
				4957E3F22AF06A69002FF15B /* Sources */,
				4957E3F32AF06A69002FF15B /* Frameworks */,
				4957E3F42AF06A69002FF15B /* Resources */,
			);
			buildRules = (
			);
			dependencies = (
				4957E3F82AF06A69002FF15B /* PBXTargetDependency */,
			);
			name = "experimental appTests";
			productName = "experimental appTests";
			productReference = 4957E3F62AF06A69002FF15B /* experimental appTests.xctest */;
			productType = "com.apple.product-type.bundle.unit-test";
		};
		4957E3FF2AF06A69002FF15B /* experimental appUITests */ = {
			isa = PBXNativeTarget;
			buildConfigurationList = 4957E4102AF06A69002FF15B /* Build configuration list for PBXNativeTarget "experimental appUITests" */;
			buildPhases = (
				4957E3FC2AF06A69002FF15B /* Sources */,
				4957E3FD2AF06A69002FF15B /* Frameworks */,
				4957E3FE2AF06A69002FF15B /* Resources */,
			);
			buildRules = (
			);
			dependencies = (
				4957E4022AF06A69002FF15B /* PBXTargetDependency */,
			);
			name = "experimental appUITests";
			productName = "experimental appUITests";
			productReference = 4957E4002AF06A69002FF15B /* experimental appUITests.xctest */;
			productType = "com.apple.product-type.bundle.ui-testing";
		};
/* End PBXNativeTarget section */

/* Begin PBXProject section */
		4957E3DD2AF06A68002FF15B /* Project object */ = {
			isa = PBXProject;
			attributes = {
				BuildIndependentTargetsInParallel = 1;
				LastSwiftUpdateCheck = 1500;
				LastUpgradeCheck = 1500;
				TargetAttributes = {
					4957E3E42AF06A68002FF15B = {
						CreatedOnToolsVersion = 15.0.1;
					};
					4957E3F52AF06A69002FF15B = {
						CreatedOnToolsVersion = 15.0.1;
						TestTargetID = 4957E3E42AF06A68002FF15B;
					};
					4957E3FF2AF06A69002FF15B = {
						CreatedOnToolsVersion = 15.0.1;
						TestTargetID = 4957E3E42AF06A68002FF15B;
					};
				};
			};
			buildConfigurationList = 4957E3E02AF06A68002FF15B /* Build configuration list for PBXProject "experimental app" */;
			compatibilityVersion = "Xcode 14.0";
			developmentRegion = en;
			hasScannedForEncodings = 0;
			knownRegions = (
				en,
				Base,
			);
			mainGroup = 4957E3DC2AF06A68002FF15B;
			packageReferences = (
				4957E4132AF06E34002FF15B /* XCRemoteSwiftPackageReference "rive-ios" */,
			);
			productRefGroup = 4957E3E62AF06A68002FF15B /* Products */;
			projectDirPath = "";
			projectRoot = "";
			targets = (
				4957E3E42AF06A68002FF15B /* experimental app */,
				4957E3F52AF06A69002FF15B /* experimental appTests */,
				4957E3FF2AF06A69002FF15B /* experimental appUITests */,
			);
		};
/* End PBXProject section */

/* Begin PBXResourcesBuildPhase section */
		4957E3E32AF06A68002FF15B /* Resources */ = {
			isa = PBXResourcesBuildPhase;
			buildActionMask = 2147483647;
			files = (
				4957E4262AF06F74002FF15B /* shapes.riv in Resources */,
				4957E4242AF06F74002FF15B /* check.riv in Resources */,
				4957E3F12AF06A69002FF15B /* Preview Assets.xcassets in Resources */,
				4957E4252AF06F74002FF15B /* menu_button.riv in Resources */,
				4957E4222AF06F74002FF15B /* house.riv in Resources */,
				4957E4272AF06F74002FF15B /* button.riv in Resources */,
				4957E3ED2AF06A69002FF15B /* Assets.xcassets in Resources */,
				4957E4232AF06F74002FF15B /* confetti.riv in Resources */,
				4957E4282AF06F74002FF15B /* icons.riv in Resources */,
			);
			runOnlyForDeploymentPostprocessing = 0;
		};
		4957E3F42AF06A69002FF15B /* Resources */ = {
			isa = PBXResourcesBuildPhase;
			buildActionMask = 2147483647;
			files = (
			);
			runOnlyForDeploymentPostprocessing = 0;
		};
		4957E3FE2AF06A69002FF15B /* Resources */ = {
			isa = PBXResourcesBuildPhase;
			buildActionMask = 2147483647;
			files = (
			);
			runOnlyForDeploymentPostprocessing = 0;
		};
/* End PBXResourcesBuildPhase section */

/* Begin PBXSourcesBuildPhase section */
		4957E3E12AF06A68002FF15B /* Sources */ = {
			isa = PBXSourcesBuildPhase;
			buildActionMask = 2147483647;
			files = (
				497A03242AF30C2800D2D418 /* Course.swift in Sources */,
				497A03262AF30CF000D2D418 /* CourseCard.swift in Sources */,
				49653AE62AF178D300DCF613 /* CustomTextField.swift in Sources */,
				497A032C2AF334F000D2D418 /* SideMenu.swift in Sources */,
				49B731622AF076FC0003B9EF /* OnBoardingScreen.swift in Sources */,
				497A032A2AF32E5500D2D418 /* HomeScreen.swift in Sources */,
				4903BA5A2AF3E2CB0063C2DB /* MenuRow.swift in Sources */,
				497A03282AF32B4700D2D418 /* RecentCard.swift in Sources */,
				497A031F2AF2F82D00D2D418 /* ContentView.swift in Sources */,
				49B731642AF08F0B0003B9EF /* SignInModal.swift in Sources */,
				4957E3E92AF06A68002FF15B /* experimental_appApp.swift in Sources */,
				497A03232AF30C2800D2D418 /* CourseSection.swift in Sources */,
				497A031D2AF2E0E400D2D418 /* TabBar.swift in Sources */,
			);
			runOnlyForDeploymentPostprocessing = 0;
		};
		4957E3F22AF06A69002FF15B /* Sources */ = {
			isa = PBXSourcesBuildPhase;
			buildActionMask = 2147483647;
			files = (
				4957E3FB2AF06A69002FF15B /* experimental_appTests.swift in Sources */,
			);
			runOnlyForDeploymentPostprocessing = 0;
		};
		4957E3FC2AF06A69002FF15B /* Sources */ = {
			isa = PBXSourcesBuildPhase;
			buildActionMask = 2147483647;
			files = (
				4957E4072AF06A69002FF15B /* experimental_appUITestsLaunchTests.swift in Sources */,
				4957E4052AF06A69002FF15B /* experimental_appUITests.swift in Sources */,
			);
			runOnlyForDeploymentPostprocessing = 0;
		};
/* End PBXSourcesBuildPhase section */

/* Begin PBXTargetDependency section */
		4957E3F82AF06A69002FF15B /* PBXTargetDependency */ = {
			isa = PBXTargetDependency;
			target = 4957E3E42AF06A68002FF15B /* experimental app */;
			targetProxy = 4957E3F72AF06A69002FF15B /* PBXContainerItemProxy */;
		};
		4957E4022AF06A69002FF15B /* PBXTargetDependency */ = {
			isa = PBXTargetDependency;
			target = 4957E3E42AF06A68002FF15B /* experimental app */;
			targetProxy = 4957E4012AF06A69002FF15B /* PBXContainerItemProxy */;
		};
/* End PBXTargetDependency section */

/* Begin XCBuildConfiguration section */
		4957E4082AF06A69002FF15B /* Debug */ = {
			isa = XCBuildConfiguration;
			buildSettings = {
				ALWAYS_SEARCH_USER_PATHS = NO;
				ASSETCATALOG_COMPILER_GENERATE_SWIFT_ASSET_SYMBOL_EXTENSIONS = YES;
				CLANG_ANALYZER_NONNULL = YES;
				CLANG_ANALYZER_NUMBER_OBJECT_CONVERSION = YES_AGGRESSIVE;
				CLANG_CXX_LANGUAGE_STANDARD = "gnu++20";
				CLANG_ENABLE_MODULES = YES;
				CLANG_ENABLE_OBJC_ARC = YES;
				CLANG_ENABLE_OBJC_WEAK = YES;
				CLANG_WARN_BLOCK_CAPTURE_AUTORELEASING = YES;
				CLANG_WARN_BOOL_CONVERSION = YES;
				CLANG_WARN_COMMA = YES;
				CLANG_WARN_CONSTANT_CONVERSION = YES;
				CLANG_WARN_DEPRECATED_OBJC_IMPLEMENTATIONS = YES;
				CLANG_WARN_DIRECT_OBJC_ISA_USAGE = YES_ERROR;
				CLANG_WARN_DOCUMENTATION_COMMENTS = YES;
				CLANG_WARN_EMPTY_BODY = YES;
				CLANG_WARN_ENUM_CONVERSION = YES;
				CLANG_WARN_INFINITE_RECURSION = YES;
				CLANG_WARN_INT_CONVERSION = YES;
				CLANG_WARN_NON_LITERAL_NULL_CONVERSION = YES;
				CLANG_WARN_OBJC_IMPLICIT_RETAIN_SELF = YES;
				CLANG_WARN_OBJC_LITERAL_CONVERSION = YES;
				CLANG_WARN_OBJC_ROOT_CLASS = YES_ERROR;
				CLANG_WARN_QUOTED_INCLUDE_IN_FRAMEWORK_HEADER = YES;
				CLANG_WARN_RANGE_LOOP_ANALYSIS = YES;
				CLANG_WARN_STRICT_PROTOTYPES = YES;
				CLANG_WARN_SUSPICIOUS_MOVE = YES;
				CLANG_WARN_UNGUARDED_AVAILABILITY = YES_AGGRESSIVE;
				CLANG_WARN_UNREACHABLE_CODE = YES;
				CLANG_WARN__DUPLICATE_METHOD_MATCH = YES;
				COPY_PHASE_STRIP = NO;
				DEBUG_INFORMATION_FORMAT = dwarf;
				ENABLE_STRICT_OBJC_MSGSEND = YES;
				ENABLE_TESTABILITY = YES;
				ENABLE_USER_SCRIPT_SANDBOXING = YES;
				GCC_C_LANGUAGE_STANDARD = gnu17;
				GCC_DYNAMIC_NO_PIC = NO;
				GCC_NO_COMMON_BLOCKS = YES;
				GCC_OPTIMIZATION_LEVEL = 0;
				GCC_PREPROCESSOR_DEFINITIONS = (
					"DEBUG=1",
					"$(inherited)",
				);
				GCC_WARN_64_TO_32_BIT_CONVERSION = YES;
				GCC_WARN_ABOUT_RETURN_TYPE = YES_ERROR;
				GCC_WARN_UNDECLARED_SELECTOR = YES;
				GCC_WARN_UNINITIALIZED_AUTOS = YES_AGGRESSIVE;
				GCC_WARN_UNUSED_FUNCTION = YES;
				GCC_WARN_UNUSED_VARIABLE = YES;
				LOCALIZATION_PREFERS_STRING_CATALOGS = YES;
				MTL_ENABLE_DEBUG_INFO = INCLUDE_SOURCE;
				MTL_FAST_MATH = YES;
				ONLY_ACTIVE_ARCH = YES;
				SWIFT_ACTIVE_COMPILATION_CONDITIONS = "DEBUG $(inherited)";
				SWIFT_OPTIMIZATION_LEVEL = "-Onone";
			};
			name = Debug;
		};
		4957E4092AF06A69002FF15B /* Release */ = {
			isa = XCBuildConfiguration;
			buildSettings = {
				ALWAYS_SEARCH_USER_PATHS = NO;
				ASSETCATALOG_COMPILER_GENERATE_SWIFT_ASSET_SYMBOL_EXTENSIONS = YES;
				CLANG_ANALYZER_NONNULL = YES;
				CLANG_ANALYZER_NUMBER_OBJECT_CONVERSION = YES_AGGRESSIVE;
				CLANG_CXX_LANGUAGE_STANDARD = "gnu++20";
				CLANG_ENABLE_MODULES = YES;
				CLANG_ENABLE_OBJC_ARC = YES;
				CLANG_ENABLE_OBJC_WEAK = YES;
				CLANG_WARN_BLOCK_CAPTURE_AUTORELEASING = YES;
				CLANG_WARN_BOOL_CONVERSION = YES;
				CLANG_WARN_COMMA = YES;
				CLANG_WARN_CONSTANT_CONVERSION = YES;
				CLANG_WARN_DEPRECATED_OBJC_IMPLEMENTATIONS = YES;
				CLANG_WARN_DIRECT_OBJC_ISA_USAGE = YES_ERROR;
				CLANG_WARN_DOCUMENTATION_COMMENTS = YES;
				CLANG_WARN_EMPTY_BODY = YES;
				CLANG_WARN_ENUM_CONVERSION = YES;
				CLANG_WARN_INFINITE_RECURSION = YES;
				CLANG_WARN_INT_CONVERSION = YES;
				CLANG_WARN_NON_LITERAL_NULL_CONVERSION = YES;
				CLANG_WARN_OBJC_IMPLICIT_RETAIN_SELF = YES;
				CLANG_WARN_OBJC_LITERAL_CONVERSION = YES;
				CLANG_WARN_OBJC_ROOT_CLASS = YES_ERROR;
				CLANG_WARN_QUOTED_INCLUDE_IN_FRAMEWORK_HEADER = YES;
				CLANG_WARN_RANGE_LOOP_ANALYSIS = YES;
				CLANG_WARN_STRICT_PROTOTYPES = YES;
				CLANG_WARN_SUSPICIOUS_MOVE = YES;
				CLANG_WARN_UNGUARDED_AVAILABILITY = YES_AGGRESSIVE;
				CLANG_WARN_UNREACHABLE_CODE = YES;
				CLANG_WARN__DUPLICATE_METHOD_MATCH = YES;
				COPY_PHASE_STRIP = NO;
				DEBUG_INFORMATION_FORMAT = "dwarf-with-dsym";
				ENABLE_NS_ASSERTIONS = NO;
				ENABLE_STRICT_OBJC_MSGSEND = YES;
				ENABLE_USER_SCRIPT_SANDBOXING = YES;
				GCC_C_LANGUAGE_STANDARD = gnu17;
				GCC_NO_COMMON_BLOCKS = YES;
				GCC_WARN_64_TO_32_BIT_CONVERSION = YES;
				GCC_WARN_ABOUT_RETURN_TYPE = YES_ERROR;
				GCC_WARN_UNDECLARED_SELECTOR = YES;
				GCC_WARN_UNINITIALIZED_AUTOS = YES_AGGRESSIVE;
				GCC_WARN_UNUSED_FUNCTION = YES;
				GCC_WARN_UNUSED_VARIABLE = YES;
				LOCALIZATION_PREFERS_STRING_CATALOGS = YES;
				MTL_ENABLE_DEBUG_INFO = NO;
				MTL_FAST_MATH = YES;
				SWIFT_COMPILATION_MODE = wholemodule;
			};
			name = Release;
		};
		4957E40B2AF06A69002FF15B /* Debug */ = {
			isa = XCBuildConfiguration;
			buildSettings = {
				ASSETCATALOG_COMPILER_APPICON_NAME = AppIcon;
				ASSETCATALOG_COMPILER_GLOBAL_ACCENT_COLOR_NAME = AccentColor;
				CODE_SIGN_ENTITLEMENTS = "experimental app/experimental_app.entitlements";
				CODE_SIGN_STYLE = Automatic;
				CURRENT_PROJECT_VERSION = 1;
				DEVELOPMENT_ASSET_PATHS = "\"experimental app/Preview Content\"";
				DEVELOPMENT_TEAM = WL378PB7TU;
				ENABLE_HARDENED_RUNTIME = YES;
				ENABLE_PREVIEWS = YES;
				GENERATE_INFOPLIST_FILE = YES;
				"INFOPLIST_KEY_UIApplicationSceneManifest_Generation[sdk=iphoneos*]" = YES;
				"INFOPLIST_KEY_UIApplicationSceneManifest_Generation[sdk=iphonesimulator*]" = YES;
				"INFOPLIST_KEY_UIApplicationSupportsIndirectInputEvents[sdk=iphoneos*]" = YES;
				"INFOPLIST_KEY_UIApplicationSupportsIndirectInputEvents[sdk=iphonesimulator*]" = YES;
				"INFOPLIST_KEY_UILaunchScreen_Generation[sdk=iphoneos*]" = YES;
				"INFOPLIST_KEY_UILaunchScreen_Generation[sdk=iphonesimulator*]" = YES;
				"INFOPLIST_KEY_UIStatusBarStyle[sdk=iphoneos*]" = UIStatusBarStyleDefault;
				"INFOPLIST_KEY_UIStatusBarStyle[sdk=iphonesimulator*]" = UIStatusBarStyleDefault;
				INFOPLIST_KEY_UISupportedInterfaceOrientations_iPad = "UIInterfaceOrientationPortrait UIInterfaceOrientationPortraitUpsideDown UIInterfaceOrientationLandscapeLeft UIInterfaceOrientationLandscapeRight";
				INFOPLIST_KEY_UISupportedInterfaceOrientations_iPhone = "UIInterfaceOrientationPortrait UIInterfaceOrientationLandscapeLeft UIInterfaceOrientationLandscapeRight";
				IPHONEOS_DEPLOYMENT_TARGET = 17.0;
				LD_RUNPATH_SEARCH_PATHS = "@executable_path/Frameworks";
				"LD_RUNPATH_SEARCH_PATHS[sdk=macosx*]" = "@executable_path/../Frameworks";
				MACOSX_DEPLOYMENT_TARGET = 14.0;
				MARKETING_VERSION = 1.0;
				PRODUCT_BUNDLE_IDENTIFIER = "sschmeil2211.experimental-app";
				PRODUCT_NAME = "$(TARGET_NAME)";
				SDKROOT = auto;
				SUPPORTED_PLATFORMS = "iphoneos iphonesimulator macosx";
				SWIFT_EMIT_LOC_STRINGS = YES;
				SWIFT_VERSION = 5.0;
				TARGETED_DEVICE_FAMILY = "1,2";
			};
			name = Debug;
		};
		4957E40C2AF06A69002FF15B /* Release */ = {
			isa = XCBuildConfiguration;
			buildSettings = {
				ASSETCATALOG_COMPILER_APPICON_NAME = AppIcon;
				ASSETCATALOG_COMPILER_GLOBAL_ACCENT_COLOR_NAME = AccentColor;
				CODE_SIGN_ENTITLEMENTS = "experimental app/experimental_app.entitlements";
				CODE_SIGN_STYLE = Automatic;
				CURRENT_PROJECT_VERSION = 1;
				DEVELOPMENT_ASSET_PATHS = "\"experimental app/Preview Content\"";
				DEVELOPMENT_TEAM = WL378PB7TU;
				ENABLE_HARDENED_RUNTIME = YES;
				ENABLE_PREVIEWS = YES;
				GENERATE_INFOPLIST_FILE = YES;
				"INFOPLIST_KEY_UIApplicationSceneManifest_Generation[sdk=iphoneos*]" = YES;
				"INFOPLIST_KEY_UIApplicationSceneManifest_Generation[sdk=iphonesimulator*]" = YES;
				"INFOPLIST_KEY_UIApplicationSupportsIndirectInputEvents[sdk=iphoneos*]" = YES;
				"INFOPLIST_KEY_UIApplicationSupportsIndirectInputEvents[sdk=iphonesimulator*]" = YES;
				"INFOPLIST_KEY_UILaunchScreen_Generation[sdk=iphoneos*]" = YES;
				"INFOPLIST_KEY_UILaunchScreen_Generation[sdk=iphonesimulator*]" = YES;
				"INFOPLIST_KEY_UIStatusBarStyle[sdk=iphoneos*]" = UIStatusBarStyleDefault;
				"INFOPLIST_KEY_UIStatusBarStyle[sdk=iphonesimulator*]" = UIStatusBarStyleDefault;
				INFOPLIST_KEY_UISupportedInterfaceOrientations_iPad = "UIInterfaceOrientationPortrait UIInterfaceOrientationPortraitUpsideDown UIInterfaceOrientationLandscapeLeft UIInterfaceOrientationLandscapeRight";
				INFOPLIST_KEY_UISupportedInterfaceOrientations_iPhone = "UIInterfaceOrientationPortrait UIInterfaceOrientationLandscapeLeft UIInterfaceOrientationLandscapeRight";
				IPHONEOS_DEPLOYMENT_TARGET = 17.0;
				LD_RUNPATH_SEARCH_PATHS = "@executable_path/Frameworks";
				"LD_RUNPATH_SEARCH_PATHS[sdk=macosx*]" = "@executable_path/../Frameworks";
				MACOSX_DEPLOYMENT_TARGET = 14.0;
				MARKETING_VERSION = 1.0;
				PRODUCT_BUNDLE_IDENTIFIER = "sschmeil2211.experimental-app";
				PRODUCT_NAME = "$(TARGET_NAME)";
				SDKROOT = auto;
				SUPPORTED_PLATFORMS = "iphoneos iphonesimulator macosx";
				SWIFT_EMIT_LOC_STRINGS = YES;
				SWIFT_VERSION = 5.0;
				TARGETED_DEVICE_FAMILY = "1,2";
			};
			name = Release;
		};
		4957E40E2AF06A69002FF15B /* Debug */ = {
			isa = XCBuildConfiguration;
			buildSettings = {
				ALWAYS_EMBED_SWIFT_STANDARD_LIBRARIES = YES;
				BUNDLE_LOADER = "$(TEST_HOST)";
				CODE_SIGN_STYLE = Automatic;
				CURRENT_PROJECT_VERSION = 1;
				DEVELOPMENT_TEAM = WL378PB7TU;
				GENERATE_INFOPLIST_FILE = YES;
				IPHONEOS_DEPLOYMENT_TARGET = 17.0;
				MACOSX_DEPLOYMENT_TARGET = 14.0;
				MARKETING_VERSION = 1.0;
				PRODUCT_BUNDLE_IDENTIFIER = "sschmeil2211.experimental-appTests";
				PRODUCT_NAME = "$(TARGET_NAME)";
				SDKROOT = auto;
				SUPPORTED_PLATFORMS = "iphoneos iphonesimulator macosx";
				SWIFT_EMIT_LOC_STRINGS = NO;
				SWIFT_VERSION = 5.0;
				TARGETED_DEVICE_FAMILY = "1,2";
				TEST_HOST = "$(BUILT_PRODUCTS_DIR)/experimental app.app/$(BUNDLE_EXECUTABLE_FOLDER_PATH)/experimental app";
			};
			name = Debug;
		};
		4957E40F2AF06A69002FF15B /* Release */ = {
			isa = XCBuildConfiguration;
			buildSettings = {
				ALWAYS_EMBED_SWIFT_STANDARD_LIBRARIES = YES;
				BUNDLE_LOADER = "$(TEST_HOST)";
				CODE_SIGN_STYLE = Automatic;
				CURRENT_PROJECT_VERSION = 1;
				DEVELOPMENT_TEAM = WL378PB7TU;
				GENERATE_INFOPLIST_FILE = YES;
				IPHONEOS_DEPLOYMENT_TARGET = 17.0;
				MACOSX_DEPLOYMENT_TARGET = 14.0;
				MARKETING_VERSION = 1.0;
				PRODUCT_BUNDLE_IDENTIFIER = "sschmeil2211.experimental-appTests";
				PRODUCT_NAME = "$(TARGET_NAME)";
				SDKROOT = auto;
				SUPPORTED_PLATFORMS = "iphoneos iphonesimulator macosx";
				SWIFT_EMIT_LOC_STRINGS = NO;
				SWIFT_VERSION = 5.0;
				TARGETED_DEVICE_FAMILY = "1,2";
				TEST_HOST = "$(BUILT_PRODUCTS_DIR)/experimental app.app/$(BUNDLE_EXECUTABLE_FOLDER_PATH)/experimental app";
			};
			name = Release;
		};
		4957E4112AF06A69002FF15B /* Debug */ = {
			isa = XCBuildConfiguration;
			buildSettings = {
				ALWAYS_EMBED_SWIFT_STANDARD_LIBRARIES = YES;
				CODE_SIGN_STYLE = Automatic;
				CURRENT_PROJECT_VERSION = 1;
				DEVELOPMENT_TEAM = WL378PB7TU;
				GENERATE_INFOPLIST_FILE = YES;
				IPHONEOS_DEPLOYMENT_TARGET = 17.0;
				MACOSX_DEPLOYMENT_TARGET = 14.0;
				MARKETING_VERSION = 1.0;
				PRODUCT_BUNDLE_IDENTIFIER = "sschmeil2211.experimental-appUITests";
				PRODUCT_NAME = "$(TARGET_NAME)";
				SDKROOT = auto;
				SUPPORTED_PLATFORMS = "iphoneos iphonesimulator macosx";
				SWIFT_EMIT_LOC_STRINGS = NO;
				SWIFT_VERSION = 5.0;
				TARGETED_DEVICE_FAMILY = "1,2";
				TEST_TARGET_NAME = "experimental app";
			};
			name = Debug;
		};
		4957E4122AF06A69002FF15B /* Release */ = {
			isa = XCBuildConfiguration;
			buildSettings = {
				ALWAYS_EMBED_SWIFT_STANDARD_LIBRARIES = YES;
				CODE_SIGN_STYLE = Automatic;
				CURRENT_PROJECT_VERSION = 1;
				DEVELOPMENT_TEAM = WL378PB7TU;
				GENERATE_INFOPLIST_FILE = YES;
				IPHONEOS_DEPLOYMENT_TARGET = 17.0;
				MACOSX_DEPLOYMENT_TARGET = 14.0;
				MARKETING_VERSION = 1.0;
				PRODUCT_BUNDLE_IDENTIFIER = "sschmeil2211.experimental-appUITests";
				PRODUCT_NAME = "$(TARGET_NAME)";
				SDKROOT = auto;
				SUPPORTED_PLATFORMS = "iphoneos iphonesimulator macosx";
				SWIFT_EMIT_LOC_STRINGS = NO;
				SWIFT_VERSION = 5.0;
				TARGETED_DEVICE_FAMILY = "1,2";
				TEST_TARGET_NAME = "experimental app";
			};
			name = Release;
		};
/* End XCBuildConfiguration section */

/* Begin XCConfigurationList section */
		4957E3E02AF06A68002FF15B /* Build configuration list for PBXProject "experimental app" */ = {
			isa = XCConfigurationList;
			buildConfigurations = (
				4957E4082AF06A69002FF15B /* Debug */,
				4957E4092AF06A69002FF15B /* Release */,
			);
			defaultConfigurationIsVisible = 0;
			defaultConfigurationName = Release;
		};
		4957E40A2AF06A69002FF15B /* Build configuration list for PBXNativeTarget "experimental app" */ = {
			isa = XCConfigurationList;
			buildConfigurations = (
				4957E40B2AF06A69002FF15B /* Debug */,
				4957E40C2AF06A69002FF15B /* Release */,
			);
			defaultConfigurationIsVisible = 0;
			defaultConfigurationName = Release;
		};
		4957E40D2AF06A69002FF15B /* Build configuration list for PBXNativeTarget "experimental appTests" */ = {
			isa = XCConfigurationList;
			buildConfigurations = (
				4957E40E2AF06A69002FF15B /* Debug */,
				4957E40F2AF06A69002FF15B /* Release */,
			);
			defaultConfigurationIsVisible = 0;
			defaultConfigurationName = Release;
		};
		4957E4102AF06A69002FF15B /* Build configuration list for PBXNativeTarget "experimental appUITests" */ = {
			isa = XCConfigurationList;
			buildConfigurations = (
				4957E4112AF06A69002FF15B /* Debug */,
				4957E4122AF06A69002FF15B /* Release */,
			);
			defaultConfigurationIsVisible = 0;
			defaultConfigurationName = Release;
		};
/* End XCConfigurationList section */

/* Begin XCRemoteSwiftPackageReference section */
		4957E4132AF06E34002FF15B /* XCRemoteSwiftPackageReference "rive-ios" */ = {
			isa = XCRemoteSwiftPackageReference;
			repositoryURL = "https://github.com/rive-app/rive-ios";
			requirement = {
				kind = upToNextMajorVersion;
				minimumVersion = 5.5.1;
			};
		};
/* End XCRemoteSwiftPackageReference section */

/* Begin XCSwiftPackageProductDependency section */
		4957E4142AF06E34002FF15B /* RiveRuntime */ = {
			isa = XCSwiftPackageProductDependency;
			package = 4957E4132AF06E34002FF15B /* XCRemoteSwiftPackageReference "rive-ios" */;
			productName = RiveRuntime;
		};
/* End XCSwiftPackageProductDependency section */
	};
	rootObject = 4957E3DD2AF06A68002FF15B /* Project object */;
}
